
Microsoft Visual Studio Solution File, Format Version 12.00
# Visual Studio Version 17
VisualStudioVersion = 17.7.34018.315
MinimumVisualStudioVersion = 10.0.40219.1
Project("{FAE04EC0-301F-11D3-BF4B-00C04F79EFBC}") = "WindowsFormsApp1", "WindowsFormsApp1\WindowsFormsApp1.csproj", "{AB3730B6-876C-42DF-8054-608B417B3E14}"
EndProject
Global
	GlobalSection(SolutionConfigurationPlatforms) = preSolution
		Debug|Any CPU = Debug|Any CPU
		Release|Any CPU = Release|Any CPU
	EndGlobalSection
	GlobalSection(ProjectConfigurationPlatforms) = postSolution
		{AB3730B6-876C-42DF-8054-608B417B3E14}.Debug|Any CPU.ActiveCfg = Debug|Any CPU
		{AB3730B6-876C-42DF-8054-608B417B3E14}.Debug|Any CPU.Build.0 = Debug|Any CPU
		{AB3730B6-876C-42DF-8054-608B417B3E14}.Release|Any CPU.ActiveCfg = Release|Any CPU
		{AB3730B6-876C-42DF-8054-608B417B3E14}.Release|Any CPU.Build.0 = Release|Any CPU
	EndGlobalSection
	GlobalSection(SolutionProperties) = preSolution
		HideSolutionNode = FALSE
	EndGlobalSection
	GlobalSection(ExtensibilityGlobals) = postSolution
		SolutionGuid = {78330BBA-E8CD-47C5-9F05-67660432F789}
	EndGlobalSection
EndGlobal
